// !$*UTF8*$!
{
	archiveVersion = 1;
	classes = {
	};
	objectVersion = 50;
	objects = {

/* Begin PBXBuildFile section */
		C31BC69925658416007817CE /* AppDelegate.swift in Sources */ = {isa = PBXBuildFile; fileRef = C31BC69825658416007817CE /* AppDelegate.swift */; };
		C31BC69B25658416007817CE /* SceneDelegate.swift in Sources */ = {isa = PBXBuildFile; fileRef = C31BC69A25658416007817CE /* SceneDelegate.swift */; };
		C31BC6A025658416007817CE /* Main.storyboard in Resources */ = {isa = PBXBuildFile; fileRef = C31BC69E25658416007817CE /* Main.storyboard */; };
		C31BC6A22565841A007817CE /* Assets.xcassets in Resources */ = {isa = PBXBuildFile; fileRef = C31BC6A12565841A007817CE /* Assets.xcassets */; };
		C31BC6A52565841A007817CE /* LaunchScreen.storyboard in Resources */ = {isa = PBXBuildFile; fileRef = C31BC6A32565841A007817CE /* LaunchScreen.storyboard */; };
		C31BC6CC256585DA007817CE /* Model.swift in Sources */ = {isa = PBXBuildFile; fileRef = C31BC6CB256585DA007817CE /* Model.swift */; };
		C31BC6D025658733007817CE /* TableViewController.swift in Sources */ = {isa = PBXBuildFile; fileRef = C31BC6CF25658733007817CE /* TableViewController.swift */; };
/* End PBXBuildFile section */

/* Begin PBXContainerItemProxy section */
		C31BC6AC2565841A007817CE /* PBXContainerItemProxy */ = {
			isa = PBXContainerItemProxy;
			containerPortal = C31BC68D25658416007817CE /* Project object */;
			proxyType = 1;
			remoteGlobalIDString = C31BC69425658416007817CE;
			remoteInfo = "swift-restful-todo-list";
		};
		C31BC6B72565841A007817CE /* PBXContainerItemProxy */ = {
			isa = PBXContainerItemProxy;
			containerPortal = C31BC68D25658416007817CE /* Project object */;
			proxyType = 1;
			remoteGlobalIDString = C31BC69425658416007817CE;
			remoteInfo = "swift-restful-todo-list";
		};
/* End PBXContainerItemProxy section */

/* Begin PBXFileReference section */
		C31BC69825658416007817CE /* AppDelegate.swift */ = {isa = PBXFileReference; lastKnownFileType = sourcecode.swift; path = AppDelegate.swift; sourceTree = "<group>"; };
		C31BC69A25658416007817CE /* SceneDelegate.swift */ = {isa = PBXFileReference; lastKnownFileType = sourcecode.swift; path = SceneDelegate.swift; sourceTree = "<group>"; };
		C31BC69F25658416007817CE /* Base */ = {isa = PBXFileReference; lastKnownFileType = file.storyboard; name = Base; path = Base.lproj/Main.storyboard; sourceTree = "<group>"; };
		C31BC6A12565841A007817CE /* Assets.xcassets */ = {isa = PBXFileReference; lastKnownFileType = folder.assetcatalog; path = Assets.xcassets; sourceTree = "<group>"; };
		C31BC6A42565841A007817CE /* Base */ = {isa = PBXFileReference; lastKnownFileType = file.storyboard; name = Base; path = Base.lproj/LaunchScreen.storyboard; sourceTree = "<group>"; };
		C31BC6A62565841A007817CE /* Info.plist */ = {isa = PBXFileReference; lastKnownFileType = text.plist.xml; path = Info.plist; sourceTree = "<group>"; };
		C31BC6C825658598007817CE /* swift-restful-todo-list.app */ = {isa = PBXFileReference; explicitFileType = wrapper.application; includeInIndex = 0; path = "swift-restful-todo-list.app"; sourceTree = BUILT_PRODUCTS_DIR; };
		C31BC6CB256585DA007817CE /* Model.swift */ = {isa = PBXFileReference; lastKnownFileType = sourcecode.swift; path = Model.swift; sourceTree = "<group>"; };
		C31BC6CF25658733007817CE /* TableViewController.swift */ = {isa = PBXFileReference; lastKnownFileType = sourcecode.swift; path = TableViewController.swift; sourceTree = "<group>"; };
		C31BC6D125658D25007817CE /* swift-restful-todo-listTests.xctest */ = {isa = PBXFileReference; explicitFileType = wrapper.cfbundle; includeInIndex = 0; name = "swift-restful-todo-listTests.xctest"; path = "/Users/administrator/Desktop/homework/swift-restful-todo-list2/build/Debug-iphoneos/swift-restful-todo-listTests.xctest"; sourceTree = "<absolute>"; };
		C31BC6D225658D25007817CE /* swift-restful-todo-listUITests.xctest */ = {isa = PBXFileReference; explicitFileType = wrapper.cfbundle; includeInIndex = 0; name = "swift-restful-todo-listUITests.xctest"; path = "/Users/administrator/Desktop/homework/swift-restful-todo-list2/build/Debug-iphoneos/swift-restful-todo-listUITests.xctest"; sourceTree = "<absolute>"; };
/* End PBXFileReference section */

/* Begin PBXFrameworksBuildPhase section */
		C31BC69225658416007817CE /* Frameworks */ = {
			isa = PBXFrameworksBuildPhase;
			buildActionMask = 2147483647;
			files = (
			);
			runOnlyForDeploymentPostprocessing = 0;
		};
		C31BC6A82565841A007817CE /* Frameworks */ = {
			isa = PBXFrameworksBuildPhase;
			buildActionMask = 2147483647;
			files = (
			);
			runOnlyForDeploymentPostprocessing = 0;
		};
		C31BC6B32565841A007817CE /* Frameworks */ = {
			isa = PBXFrameworksBuildPhase;
			buildActionMask = 2147483647;
			files = (
			);
			runOnlyForDeploymentPostprocessing = 0;
		};
/* End PBXFrameworksBuildPhase section */

/* Begin PBXGroup section */
		C31BC68C25658416007817CE = {
			isa = PBXGroup;
			children = (
				C31BC69725658416007817CE /* swift-restful-todo-list */,
				C31BC6C825658598007817CE /* swift-restful-todo-list.app */,
			);
			sourceTree = "<group>";
		};
		C31BC69725658416007817CE /* swift-restful-todo-list */ = {
			isa = PBXGroup;
			children = (
				C31BC6CB256585DA007817CE /* Model.swift */,
				C31BC69825658416007817CE /* AppDelegate.swift */,
				C31BC69A25658416007817CE /* SceneDelegate.swift */,
				C31BC69E25658416007817CE /* Main.storyboard */,
				C31BC6A12565841A007817CE /* Assets.xcassets */,
				C31BC6A32565841A007817CE /* LaunchScreen.storyboard */,
				C31BC6A62565841A007817CE /* Info.plist */,
				C31BC6CF25658733007817CE /* TableViewController.swift */,
			);
			path = "swift-restful-todo-list";
			sourceTree = "<group>";
		};
/* End PBXGroup section */

/* Begin PBXNativeTarget section */
		C31BC69425658416007817CE /* swift-restful-todo-list */ = {
			isa = PBXNativeTarget;
			buildConfigurationList = C31BC6BF2565841A007817CE /* Build configuration list for PBXNativeTarget "swift-restful-todo-list" */;
			buildPhases = (
				C31BC69125658416007817CE /* Sources */,
				C31BC69225658416007817CE /* Frameworks */,
				C31BC69325658416007817CE /* Resources */,
			);
			buildRules = (
			);
			dependencies = (
			);
			name = "swift-restful-todo-list";
			productName = "swift-restful-todo-list";
			productReference = C31BC6C825658598007817CE /* swift-restful-todo-list.app */;
			productType = "com.apple.product-type.application";
		};
		C31BC6AA2565841A007817CE /* swift-restful-todo-listTests */ = {
			isa = PBXNativeTarget;
			buildConfigurationList = C31BC6C22565841A007817CE /* Build configuration list for PBXNativeTarget "swift-restful-todo-listTests" */;
			buildPhases = (
				C31BC6A72565841A007817CE /* Sources */,
				C31BC6A82565841A007817CE /* Frameworks */,
				C31BC6A92565841A007817CE /* Resources */,
			);
			buildRules = (
			);
			dependencies = (
				C31BC6AD2565841A007817CE /* PBXTargetDependency */,
			);
			name = "swift-restful-todo-listTests";
			productName = "swift-restful-todo-listTests";
			productReference = C31BC6D125658D25007817CE /* swift-restful-todo-listTests.xctest */;
			productType = "com.apple.product-type.bundle.unit-test";
		};
		C31BC6B52565841A007817CE /* swift-restful-todo-listUITests */ = {
			isa = PBXNativeTarget;
			buildConfigurationList = C31BC6C52565841A007817CE /* Build configuration list for PBXNativeTarget "swift-restful-todo-listUITests" */;
			buildPhases = (
				C31BC6B22565841A007817CE /* Sources */,
				C31BC6B32565841A007817CE /* Frameworks */,
				C31BC6B42565841A007817CE /* Resources */,
			);
			buildRules = (
			);
			dependencies = (
				C31BC6B82565841A007817CE /* PBXTargetDependency */,
			);
			name = "swift-restful-todo-listUITests";
			productName = "swift-restful-todo-listUITests";
			productReference = C31BC6D225658D25007817CE /* swift-restful-todo-listUITests.xctest */;
			productType = "com.apple.product-type.bundle.ui-testing";
		};
/* End PBXNativeTarget section */

/* Begin PBXProject section */
		C31BC68D25658416007817CE /* Project object */ = {
			isa = PBXProject;
			attributes = {
				LastSwiftUpdateCheck = 1100;
				LastUpgradeCheck = 1100;
				ORGANIZATIONNAME = Administrator;
				TargetAttributes = {
					C31BC69425658416007817CE = {
						CreatedOnToolsVersion = 11.0;
					};
					C31BC6AA2565841A007817CE = {
						CreatedOnToolsVersion = 11.0;
						TestTargetID = C31BC69425658416007817CE;
					};
					C31BC6B52565841A007817CE = {
						CreatedOnToolsVersion = 11.0;
						TestTargetID = C31BC69425658416007817CE;
					};
				};
			};
			buildConfigurationList = C31BC69025658416007817CE /* Build configuration list for PBXProject "swift-restful-todo-list" */;
			compatibilityVersion = "Xcode 9.3";
			developmentRegion = en;
			hasScannedForEncodings = 0;
			knownRegions = (
				en,
				Base,
			);
			mainGroup = C31BC68C25658416007817CE;
			productRefGroup = C31BC68C25658416007817CE;
			projectDirPath = "";
			projectRoot = "";
			targets = (
				C31BC69425658416007817CE /* swift-restful-todo-list */,
				C31BC6AA2565841A007817CE /* swift-restful-todo-listTests */,
				C31BC6B52565841A007817CE /* swift-restful-todo-listUITests */,
			);
		};
/* End PBXProject section */

/* Begin PBXResourcesBuildPhase section */
		C31BC69325658416007817CE /* Resources */ = {
			isa = PBXResourcesBuildPhase;
			buildActionMask = 2147483647;
			files = (
				C31BC6A52565841A007817CE /* LaunchScreen.storyboard in Resources */,
				C31BC6A22565841A007817CE /* Assets.xcassets in Resources */,
				C31BC6A025658416007817CE /* Main.storyboard in Resources */,
			);
			runOnlyForDeploymentPostprocessing = 0;
		};
		C31BC6A92565841A007817CE /* Resources */ = {
			isa = PBXResourcesBuildPhase;
			buildActionMask = 2147483647;
			files = (
			);
			runOnlyForDeploymentPostprocessing = 0;
		};
		C31BC6B42565841A007817CE /* Resources */ = {
			isa = PBXResourcesBuildPhase;
			buildActionMask = 2147483647;
			files = (
			);
			runOnlyForDeploymentPostprocessing = 0;
		};
/* End PBXResourcesBuildPhase section */

/* Begin PBXSourcesBuildPhase section */
		C31BC69125658416007817CE /* Sources */ = {
			isa = PBXSourcesBuildPhase;
			buildActionMask = 2147483647;
			files = (
				C31BC69925658416007817CE /* AppDelegate.swift in Sources */,
				C31BC69B25658416007817CE /* SceneDelegate.swift in Sources */,
				C31BC6D025658733007817CE /* TableViewController.swift in Sources */,
				C31BC6CC256585DA007817CE /* Model.swift in Sources */,
			);
			runOnlyForDeploymentPostprocessing = 0;
		};
		C31BC6A72565841A007817CE /* Sources */ = {
			isa = PBXSourcesBuildPhase;
			buildActionMask = 2147483647;
			files = (
			);
			runOnlyForDeploymentPostprocessing = 0;
		};
		C31BC6B22565841A007817CE /* Sources */ = {
			isa = PBXSourcesBuildPhase;
			buildActionMask = 2147483647;
			files = (
			);
			runOnlyForDeploymentPostprocessing = 0;
		};
/* End PBXSourcesBuildPhase section */

/* Begin PBXTargetDependency section */
		C31BC6AD2565841A007817CE /* PBXTargetDependency */ = {
			isa = PBXTargetDependency;
			target = C31BC69425658416007817CE /* swift-restful-todo-list */;
			targetProxy = C31BC6AC2565841A007817CE /* PBXContainerItemProxy */;
		};
		C31BC6B82565841A007817CE /* PBXTargetDependency */ = {
			isa = PBXTargetDependency;
			target = C31BC69425658416007817CE /* swift-restful-todo-list */;
			targetProxy = C31BC6B72565841A007817CE /* PBXContainerItemProxy */;
		};
/* End PBXTargetDependency section */

/* Begin PBXVariantGroup section */
		C31BC69E25658416007817CE /* Main.storyboard */ = {
			isa = PBXVariantGroup;
			children = (
				C31BC69F25658416007817CE /* Base */,
			);
			name = Main.storyboard;
			sourceTree = "<group>";
		};
		C31BC6A32565841A007817CE /* LaunchScreen.storyboard */ = {
			isa = PBXVariantGroup;
			children = (
				C31BC6A42565841A007817CE /* Base */,
			);
			name = LaunchScreen.storyboard;
			sourceTree = "<group>";
		};
/* End PBXVariantGroup section */

/* Begin XCBuildConfiguration section */
		C31BC6BD2565841A007817CE /* Debug */ = {
			isa = XCBuildConfiguration;
			buildSettings = {
				ALWAYS_SEARCH_USER_PATHS = NO;
				CLANG_ANALYZER_NONNULL = YES;
				CLANG_ANALYZER_NUMBER_OBJECT_CONVERSION = YES_AGGRESSIVE;
				CLANG_CXX_LANGUAGE_STANDARD = "gnu++14";
				CLANG_CXX_LIBRARY = "libc++";
				CLANG_ENABLE_MODULES = YES;
				CLANG_ENABLE_OBJC_ARC = YES;
				CLANG_ENABLE_OBJC_WEAK = YES;
				CLANG_WARN_BLOCK_CAPTURE_AUTORELEASING = YES;
				CLANG_WARN_BOOL_CONVERSION = YES;
				CLANG_WARN_COMMA = YES;
				CLANG_WARN_CONSTANT_CONVERSION = YES;
				CLANG_WARN_DEPRECATED_OBJC_IMPLEMENTATIONS = YES;
				CLANG_WARN_DIRECT_OBJC_ISA_USAGE = YES_ERROR;
				CLANG_WARN_DOCUMENTATION_COMMENTS = YES;
				CLANG_WARN_EMPTY_BODY = YES;
				CLANG_WARN_ENUM_CONVERSION = YES;
				CLANG_WARN_INFINITE_RECURSION = YES;
				CLANG_WARN_INT_CONVERSION = YES;
				CLANG_WARN_NON_LITERAL_NULL_CONVERSION = YES;
				CLANG_WARN_OBJC_IMPLICIT_RETAIN_SELF = YES;
				CLANG_WARN_OBJC_LITERAL_CONVERSION = YES;
				CLANG_WARN_OBJC_ROOT_CLASS = YES_ERROR;
				CLANG_WARN_RANGE_LOOP_ANALYSIS = YES;
				CLANG_WARN_STRICT_PROTOTYPES = YES;
				CLANG_WARN_SUSPICIOUS_MOVE = YES;
				CLANG_WARN_UNGUARDED_AVAILABILITY = YES_AGGRESSIVE;
				CLANG_WARN_UNREACHABLE_CODE = YES;
				CLANG_WARN__DUPLICATE_METHOD_MATCH = YES;
				COPY_PHASE_STRIP = NO;
				DEBUG_INFORMATION_FORMAT = dwarf;
				ENABLE_STRICT_OBJC_MSGSEND = YES;
				ENABLE_TESTABILITY = YES;
				GCC_C_LANGUAGE_STANDARD = gnu11;
				GCC_DYNAMIC_NO_PIC = NO;
				GCC_NO_COMMON_BLOCKS = YES;
				GCC_OPTIMIZATION_LEVEL = 0;
				GCC_PREPROCESSOR_DEFINITIONS = (
					"DEBUG=1",
					"$(inherited)",
				);
				GCC_WARN_64_TO_32_BIT_CONVERSION = YES;
				GCC_WARN_ABOUT_RETURN_TYPE = YES_ERROR;
				GCC_WARN_UNDECLARED_SELECTOR = YES;
				GCC_WARN_UNINITIALIZED_AUTOS = YES_AGGRESSIVE;
				GCC_WARN_UNUSED_FUNCTION = YES;
				GCC_WARN_UNUSED_VARIABLE = YES;
				IPHONEOS_DEPLOYMENT_TARGET = 13.0;
				MTL_ENABLE_DEBUG_INFO = INCLUDE_SOURCE;
				MTL_FAST_MATH = YES;
				ONLY_ACTIVE_ARCH = YES;
				SDKROOT = iphoneos;
				SWIFT_ACTIVE_COMPILATION_CONDITIONS = DEBUG;
				SWIFT_OPTIMIZATION_LEVEL = "-Onone";
			};
			name = Debug;
		};
		C31BC6BE2565841A007817CE /* Release */ = {
			isa = XCBuildConfiguration;
			buildSettings = {
				ALWAYS_SEARCH_USER_PATHS = NO;
				CLANG_ANALYZER_NONNULL = YES;
				CLANG_ANALYZER_NUMBER_OBJECT_CONVERSION = YES_AGGRESSIVE;
				CLANG_CXX_LANGUAGE_STANDARD = "gnu++14";
				CLANG_CXX_LIBRARY = "libc++";
				CLANG_ENABLE_MODULES = YES;
				CLANG_ENABLE_OBJC_ARC = YES;
				CLANG_ENABLE_OBJC_WEAK = YES;
				CLANG_WARN_BLOCK_CAPTURE_AUTORELEASING = YES;
				CLANG_WARN_BOOL_CONVERSION = YES;
				CLANG_WARN_COMMA = YES;
				CLANG_WARN_CONSTANT_CONVERSION = YES;
				CLANG_WARN_DEPRECATED_OBJC_IMPLEMENTATIONS = YES;
				CLANG_WARN_DIRECT_OBJC_ISA_USAGE = YES_ERROR;
				CLANG_WARN_DOCUMENTATION_COMMENTS = YES;
				CLANG_WARN_EMPTY_BODY = YES;
				CLANG_WARN_ENUM_CONVERSION = YES;
				CLANG_WARN_INFINITE_RECURSION = YES;
				CLANG_WARN_INT_CONVERSION = YES;
				CLANG_WARN_NON_LITERAL_NULL_CONVERSION = YES;
				CLANG_WARN_OBJC_IMPLICIT_RETAIN_SELF = YES;
				CLANG_WARN_OBJC_LITERAL_CONVERSION = YES;
				CLANG_WARN_OBJC_ROOT_CLASS = YES_ERROR;
				CLANG_WARN_RANGE_LOOP_ANALYSIS = YES;
				CLANG_WARN_STRICT_PROTOTYPES = YES;
				CLANG_WARN_SUSPICIOUS_MOVE = YES;
				CLANG_WARN_UNGUARDED_AVAILABILITY = YES_AGGRESSIVE;
				CLANG_WARN_UNREACHABLE_CODE = YES;
				CLANG_WARN__DUPLICATE_METHOD_MATCH = YES;
				COPY_PHASE_STRIP = NO;
				DEBUG_INFORMATION_FORMAT = "dwarf-with-dsym";
				ENABLE_NS_ASSERTIONS = NO;
				ENABLE_STRICT_OBJC_MSGSEND = YES;
				GCC_C_LANGUAGE_STANDARD = gnu11;
				GCC_NO_COMMON_BLOCKS = YES;
				GCC_WARN_64_TO_32_BIT_CONVERSION = YES;
				GCC_WARN_ABOUT_RETURN_TYPE = YES_ERROR;
				GCC_WARN_UNDECLARED_SELECTOR = YES;
				GCC_WARN_UNINITIALIZED_AUTOS = YES_AGGRESSIVE;
				GCC_WARN_UNUSED_FUNCTION = YES;
				GCC_WARN_UNUSED_VARIABLE = YES;
				IPHONEOS_DEPLOYMENT_TARGET = 13.0;
				MTL_ENABLE_DEBUG_INFO = NO;
				MTL_FAST_MATH = YES;
				SDKROOT = iphoneos;
				SWIFT_COMPILATION_MODE = wholemodule;
				SWIFT_OPTIMIZATION_LEVEL = "-O";
				VALIDATE_PRODUCT = YES;
			};
			name = Release;
		};
		C31BC6C02565841A007817CE /* Debug */ = {
			isa = XCBuildConfiguration;
			buildSettings = {
				ASSETCATALOG_COMPILER_APPICON_NAME = AppIcon;
				CODE_SIGN_STYLE = Automatic;
				INFOPLIST_FILE = "swift-restful-todo-list/Info.plist";
				LD_RUNPATH_SEARCH_PATHS = (
					"$(inherited)",
					"@executable_path/Frameworks",
				);
				PRODUCT_BUNDLE_IDENTIFIER = "at.dorfingerjonas.swift-restful-todo-list";
				PRODUCT_NAME = "$(TARGET_NAME)";
				SWIFT_VERSION = 5.0;
				TARGETED_DEVICE_FAMILY = "1,2";
			};
			name = Debug;
		};
		C31BC6C12565841A007817CE /* Release */ = {
			isa = XCBuildConfiguration;
			buildSettings = {
				ASSETCATALOG_COMPILER_APPICON_NAME = AppIcon;
				CODE_SIGN_STYLE = Automatic;
				INFOPLIST_FILE = "swift-restful-todo-list/Info.plist";
				LD_RUNPATH_SEARCH_PATHS = (
					"$(inherited)",
					"@executable_path/Frameworks",
				);
				PRODUCT_BUNDLE_IDENTIFIER = "at.dorfingerjonas.swift-restful-todo-list";
				PRODUCT_NAME = "$(TARGET_NAME)";
				SWIFT_VERSION = 5.0;
				TARGETED_DEVICE_FAMILY = "1,2";
			};
			name = Release;
		};
		C31BC6C32565841A007817CE /* Debug */ = {
			isa = XCBuildConfiguration;
			buildSettings = {
				ALWAYS_EMBED_SWIFT_STANDARD_LIBRARIES = YES;
				BUNDLE_LOADER = "$(TEST_HOST)";
				CODE_SIGN_STYLE = Automatic;
				INFOPLIST_FILE = "swift-restful-todo-listTests/Info.plist";
				IPHONEOS_DEPLOYMENT_TARGET = 13.0;
				LD_RUNPATH_SEARCH_PATHS = (
					"$(inherited)",
					"@executable_path/Frameworks",
					"@loader_path/Frameworks",
				);
				PRODUCT_BUNDLE_IDENTIFIER = "at.dorfingerjonas.swift-restful-todo-listTests";
				PRODUCT_NAME = "$(TARGET_NAME)";
				SWIFT_VERSION = 5.0;
				TARGETED_DEVICE_FAMILY = "1,2";
				TEST_HOST = "$(BUILT_PRODUCTS_DIR)/swift-restful-todo-list.app/swift-restful-todo-list";
			};
			name = Debug;
		};
		C31BC6C42565841A007817CE /* Release */ = {
			isa = XCBuildConfiguration;
			buildSettings = {
				ALWAYS_EMBED_SWIFT_STANDARD_LIBRARIES = YES;
				BUNDLE_LOADER = "$(TEST_HOST)";
				CODE_SIGN_STYLE = Automatic;
				INFOPLIST_FILE = "swift-restful-todo-listTests/Info.plist";
				IPHONEOS_DEPLOYMENT_TARGET = 13.0;
				LD_RUNPATH_SEARCH_PATHS = (
					"$(inherited)",
					"@executable_path/Frameworks",
					"@loader_path/Frameworks",
				);
				PRODUCT_BUNDLE_IDENTIFIER = "at.dorfingerjonas.swift-restful-todo-listTests";
				PRODUCT_NAME = "$(TARGET_NAME)";
				SWIFT_VERSION = 5.0;
				TARGETED_DEVICE_FAMILY = "1,2";
				TEST_HOST = "$(BUILT_PRODUCTS_DIR)/swift-restful-todo-list.app/swift-restful-todo-list";
			};
			name = Release;
		};
		C31BC6C62565841A007817CE /* Debug */ = {
			isa = XCBuildConfiguration;
			buildSettings = {
				ALWAYS_EMBED_SWIFT_STANDARD_LIBRARIES = YES;
				CODE_SIGN_STYLE = Automatic;
				INFOPLIST_FILE = "swift-restful-todo-listUITests/Info.plist";
				LD_RUNPATH_SEARCH_PATHS = (
					"$(inherited)",
					"@executable_path/Frameworks",
					"@loader_path/Frameworks",
				);
				PRODUCT_BUNDLE_IDENTIFIER = "at.dorfingerjonas.swift-restful-todo-listUITests";
				PRODUCT_NAME = "$(TARGET_NAME)";
				SWIFT_VERSION = 5.0;
				TARGETED_DEVICE_FAMILY = "1,2";
				TEST_TARGET_NAME = "swift-restful-todo-list";
			};
			name = Debug;
		};
		C31BC6C72565841A007817CE /* Release */ = {
			isa = XCBuildConfiguration;
			buildSettings = {
				ALWAYS_EMBED_SWIFT_STANDARD_LIBRARIES = YES;
				CODE_SIGN_STYLE = Automatic;
				INFOPLIST_FILE = "swift-restful-todo-listUITests/Info.plist";
				LD_RUNPATH_SEARCH_PATHS = (
					"$(inherited)",
					"@executable_path/Frameworks",
					"@loader_path/Frameworks",
				);
				PRODUCT_BUNDLE_IDENTIFIER = "at.dorfingerjonas.swift-restful-todo-listUITests";
				PRODUCT_NAME = "$(TARGET_NAME)";
				SWIFT_VERSION = 5.0;
				TARGETED_DEVICE_FAMILY = "1,2";
				TEST_TARGET_NAME = "swift-restful-todo-list";
			};
			name = Release;
		};
/* End XCBuildConfiguration section */

/* Begin XCConfigurationList section */
		C31BC69025658416007817CE /* Build configuration list for PBXProject "swift-restful-todo-list" */ = {
			isa = XCConfigurationList;
			buildConfigurations = (
				C31BC6BD2565841A007817CE /* Debug */,
				C31BC6BE2565841A007817CE /* Release */,
			);
			defaultConfigurationIsVisible = 0;
			defaultConfigurationName = Release;
		};
		C31BC6BF2565841A007817CE /* Build configuration list for PBXNativeTarget "swift-restful-todo-list" */ = {
			isa = XCConfigurationList;
			buildConfigurations = (
				C31BC6C02565841A007817CE /* Debug */,
				C31BC6C12565841A007817CE /* Release */,
			);
			defaultConfigurationIsVisible = 0;
			defaultConfigurationName = Release;
		};
		C31BC6C22565841A007817CE /* Build configuration list for PBXNativeTarget "swift-restful-todo-listTests" */ = {
			isa = XCConfigurationList;
			buildConfigurations = (
				C31BC6C32565841A007817CE /* Debug */,
				C31BC6C42565841A007817CE /* Release */,
			);
			defaultConfigurationIsVisible = 0;
			defaultConfigurationName = Release;
		};
		C31BC6C52565841A007817CE /* Build configuration list for PBXNativeTarget "swift-restful-todo-listUITests" */ = {
			isa = XCConfigurationList;
			buildConfigurations = (
				C31BC6C62565841A007817CE /* Debug */,
				C31BC6C72565841A007817CE /* Release */,
			);
			defaultConfigurationIsVisible = 0;
			defaultConfigurationName = Release;
		};
/* End XCConfigurationList section */
	};
	rootObject = C31BC68D25658416007817CE /* Project object */;
}
